
Microsoft Visual Studio Solution File, Format Version 12.00
# Visual Studio Version 17
VisualStudioVersion = 17.0.31912.275
MinimumVisualStudioVersion = 10.0.40219.1
Project("{FAE04EC0-301F-11D3-BF4B-00C04F79EFBC}") = "BookStore.API", "BookStore.API\BookStore.API.csproj", "{66F5772D-EAF8-4CFF-8CB9-0BCF2267B22D}"
EndProject
Project("{FAE04EC0-301F-11D3-BF4B-00C04F79EFBC}") = "BookStore.BLL", "..\BookStore.BLL\BookStore.BLL.csproj", "{D64E9D56-A488-4400-931A-CCCBF47F54B3}"
EndProject
Global
	GlobalSection(SolutionConfigurationPlatforms) = preSolution
		Debug|Any CPU = Debug|Any CPU
		Release|Any CPU = Release|Any CPU
	EndGlobalSection
	GlobalSection(ProjectConfigurationPlatforms) = postSolution
		{66F5772D-EAF8-4CFF-8CB9-0BCF2267B22D}.Debug|Any CPU.ActiveCfg = Debug|Any CPU
		{66F5772D-EAF8-4CFF-8CB9-0BCF2267B22D}.Debug|Any CPU.Build.0 = Debug|Any CPU
		{66F5772D-EAF8-4CFF-8CB9-0BCF2267B22D}.Release|Any CPU.ActiveCfg = Release|Any CPU
		{66F5772D-EAF8-4CFF-8CB9-0BCF2267B22D}.Release|Any CPU.Build.0 = Release|Any CPU
		{D64E9D56-A488-4400-931A-CCCBF47F54B3}.Debug|Any CPU.ActiveCfg = Debug|Any CPU
		{D64E9D56-A488-4400-931A-CCCBF47F54B3}.Debug|Any CPU.Build.0 = Debug|Any CPU
		{D64E9D56-A488-4400-931A-CCCBF47F54B3}.Release|Any CPU.ActiveCfg = Release|Any CPU
		{D64E9D56-A488-4400-931A-CCCBF47F54B3}.Release|Any CPU.Build.0 = Release|Any CPU
	EndGlobalSection
	GlobalSection(SolutionProperties) = preSolution
		HideSolutionNode = FALSE
	EndGlobalSection
	GlobalSection(ExtensibilityGlobals) = postSolution
		SolutionGuid = {BA8A6370-0ED3-4112-AEFB-DBB95CAFAAE9}
	EndGlobalSection
EndGlobal
